version: 7
platforms:
- name: linux-64
  virtual-packages:
  - __unix=0=0
  - __linux=4.18
  - __glibc=2.28
  - __archspec=0=x86_64
- name: osx-64
  virtual-packages:
  - __unix=0=0
  - __osx=13.0
  - __archspec=0=x86_64
- name: osx-arm64
  virtual-packages:
  - __unix=0=0
  - __osx=13.0
  - __archspec=0=m1
- name: win-64
  virtual-packages:
  - __win=10.0
  - __archspec=0=x86_64
environments:
  default:
    channels:
    - url: https://conda.anaconda.org/conda-forge/
    packages:
      linux-64:
      - conda: https://conda.anaconda.org/conda-forge/linux-64/_openmp_mutex-4.5-20_gnu.conda
      - conda: https://conda.anaconda.org/conda-forge/linux-64/binutils_impl_linux-64-2.45.1-default_hfdba357_102.conda
      - conda: https://conda.anaconda.org/conda-forge/linux-64/gcc_impl_linux-64-15.2.0-ha6850e4_19.conda
      - conda: https://conda.anaconda.org/conda-forge/linux-64/icu-78.3-h33c6efd_0.conda
      - conda: https://conda.anaconda.org/conda-forge/linux-64/ld_impl_linux-64-2.45.1-default_hbd61a6d_102.conda
      - conda: https://conda.anaconda.org/conda-forge/linux-64/libclang-cpp21.1-21.1.8-default_h99862b1_4.conda
      - conda: https://conda.anaconda.org/conda-forge/linux-64/libgcc-15.2.0-he0feb66_19.conda
      - conda: https://conda.anaconda.org/conda-forge/linux-64/libgomp-15.2.0-he0feb66_19.conda
      - conda: https://conda.anaconda.org/conda-forge/linux-64/libiconv-1.18-h3b78370_2.conda
      - conda: https://conda.anaconda.org/conda-forge/linux-64/libllvm21-21.1.8-hf7376ad_0.conda
      - conda: https://conda.anaconda.org/conda-forge/linux-64/liblzma-5.8.3-hb03c661_0.conda
      - conda: https://conda.anaconda.org/conda-forge/linux-64/libsanitizer-15.2.0-h90f66d4_19.conda
      - conda: https://conda.anaconda.org/conda-forge/linux-64/libstdcxx-15.2.0-h934c35e_19.conda
      - conda: https://conda.anaconda.org/conda-forge/linux-64/libuv-1.52.1-h280c20c_0.conda
      - conda: https://conda.anaconda.org/conda-forge/linux-64/libxml2-16-2.15.3-hca6bf5a_0.conda
      - conda: https://conda.anaconda.org/conda-forge/linux-64/libxml2-2.15.3-h49c6c72_0.conda
      - conda: https://conda.anaconda.org/conda-forge/linux-64/libzlib-1.3.2-h25fd6f3_2.conda
      - conda: https://conda.anaconda.org/conda-forge/linux-64/mdbook-0.5.4-hb17b654_0.conda
      - conda: https://conda.anaconda.org/conda-forge/linux-64/nodejs-22.23.1-h273caaf_0.conda
      - conda: https://conda.anaconda.org/conda-forge/linux-64/openssl-3.6.3-h35e630c_0.conda
      - conda: https://conda.anaconda.org/conda-forge/linux-64/rust-1.96.1-h53717f1_1.conda
      - conda: https://conda.anaconda.org/conda-forge/linux-64/zig-0.16.0-hc6d1555_7.conda
      - conda: https://conda.anaconda.org/conda-forge/linux-64/zig_impl_linux-64-0.16.0-h7428a68_7.conda
      - conda: https://conda.anaconda.org/conda-forge/linux-64/zig_linux-64-0.16.0-hab7c6e9_7.conda
      - conda: https://conda.anaconda.org/conda-forge/linux-64/zstd-1.5.7-hb78ec9c_6.conda
      - conda: https://conda.anaconda.org/conda-forge/noarch/ca-certificates-2026.6.17-hbd8a1cb_0.conda
      - conda: https://conda.anaconda.org/conda-forge/noarch/kernel-headers_linux-64-4.18.0-he073ed8_9.conda
      - conda: https://conda.anaconda.org/conda-forge/noarch/libgcc-devel_linux-64-15.2.0-hcc6f6b0_119.conda
      - conda: https://conda.anaconda.org/conda-forge/noarch/libstdcxx-devel_linux-64-15.2.0-hd446a21_119.conda
      - conda: https://conda.anaconda.org/conda-forge/noarch/rust-std-x86_64-unknown-linux-gnu-1.96.1-h2c6d0dc_1.conda
      - conda: https://conda.anaconda.org/conda-forge/noarch/sysroot_linux-64-2.28-h4ee821c_9.conda
      - conda: https://conda.anaconda.org/conda-forge/noarch/tzdata-2025c-hc9c84f9_1.conda
      osx-64:
      - conda: https://conda.anaconda.org/conda-forge/noarch/ca-certificates-2026.6.17-hbd8a1cb_0.conda
      - conda: https://conda.anaconda.org/conda-forge/noarch/rust-std-x86_64-apple-darwin-1.96.1-h38e4360_1.conda
      - conda: https://conda.anaconda.org/conda-forge/osx-64/icu-78.3-h25d91c4_0.conda
      - conda: https://conda.anaconda.org/conda-forge/osx-64/libclang-cpp21.1-21.1.8-default_hd70426c_4.conda
      - conda: https://conda.anaconda.org/conda-forge/osx-64/libcxx-21.1.8-hc69e625_3.conda
      - conda: https://conda.anaconda.org/conda-forge/osx-64/libiconv-1.18-h57a12c2_2.conda
      - conda: https://conda.anaconda.org/conda-forge/osx-64/libllvm21-21.1.8-h56e7563_0.conda
      - conda: https://conda.anaconda.org/conda-forge/osx-64/liblzma-5.8.3-hbb4bfdb_0.conda
      - conda: https://conda.anaconda.org/conda-forge/osx-64/libuv-1.52.1-ha3d0635_0.conda
      - conda: https://conda.anaconda.org/conda-forge/osx-64/libxml2-16-2.15.3-h7a90416_0.conda
      - conda: https://conda.anaconda.org/conda-forge/osx-64/libxml2-2.15.3-h953d39d_0.conda
      - conda: https://conda.anaconda.org/conda-forge/osx-64/libzlib-1.3.2-hbb4bfdb_2.conda
      - conda: https://conda.anaconda.org/conda-forge/osx-64/mdbook-0.5.4-h19f9e61_0.conda
      - conda: https://conda.anaconda.org/conda-forge/osx-64/nodejs-22.23.1-hf078ca1_0.conda
      - conda: https://conda.anaconda.org/conda-forge/osx-64/openssl-3.6.3-hc881268_0.conda
      - conda: https://conda.anaconda.org/conda-forge/osx-64/rust-1.96.1-h5655b98_1.conda
      - conda: https://conda.anaconda.org/conda-forge/osx-64/zig-0.16.0-h9945fbf_7.conda
      - conda: https://conda.anaconda.org/conda-forge/osx-64/zig_impl_osx-64-0.16.0-h23fd757_7.conda
      - conda: https://conda.anaconda.org/conda-forge/osx-64/zig_osx-64-0.16.0-h4a38eeb_7.conda
      - conda: https://conda.anaconda.org/conda-forge/osx-64/zstd-1.5.7-h3eecb57_6.conda
      osx-arm64:
      - conda: https://conda.anaconda.org/conda-forge/noarch/ca-certificates-2026.6.17-hbd8a1cb_0.conda
      - conda: https://conda.anaconda.org/conda-forge/noarch/rust-std-aarch64-apple-darwin-1.96.1-hf6ec828_1.conda
      - conda: https://conda.anaconda.org/conda-forge/osx-arm64/icu-78.3-hef89b57_0.conda
      - conda: https://conda.anaconda.org/conda-forge/osx-arm64/libclang-cpp21.1-21.1.8-default_hf3020a7_4.conda
      - conda: https://conda.anaconda.org/conda-forge/osx-arm64/libcxx-21.1.8-h55c6f16_3.conda
      - conda: https://conda.anaconda.org/conda-forge/osx-arm64/libiconv-1.18-h23cfdf5_2.conda
      - conda: https://conda.anaconda.org/conda-forge/osx-arm64/libllvm21-21.1.8-h8e0c9ce_0.conda
      - conda: https://conda.anaconda.org/conda-forge/osx-arm64/liblzma-5.8.3-h8088a28_0.conda
      - conda: https://conda.anaconda.org/conda-forge/osx-arm64/libuv-1.52.1-h1a92334_0.conda
      - conda: https://conda.anaconda.org/conda-forge/osx-arm64/libxml2-16-2.15.3-h5ef1a60_0.conda
      - conda: https://conda.anaconda.org/conda-forge/osx-arm64/libxml2-2.15.3-h5654f7c_0.conda
      - conda: https://conda.anaconda.org/conda-forge/osx-arm64/libzlib-1.3.2-h8088a28_2.conda
      - conda: https://conda.anaconda.org/conda-forge/osx-arm64/mdbook-0.5.4-h6fdd925_0.conda
      - conda: https://conda.anaconda.org/conda-forge/osx-arm64/nodejs-22.23.1-h35957e4_0.conda
      - conda: https://conda.anaconda.org/conda-forge/osx-arm64/openssl-3.6.3-hd24854e_0.conda
      - conda: https://conda.anaconda.org/conda-forge/osx-arm64/rust-1.96.1-h4ff7c5d_1.conda
      - conda: https://conda.anaconda.org/conda-forge/osx-arm64/zig-0.16.0-hc051814_7.conda
      - conda: https://conda.anaconda.org/conda-forge/osx-arm64/zig_impl_osx-arm64-0.16.0-h2af20f7_7.conda
      - conda: https://conda.anaconda.org/conda-forge/osx-arm64/zig_osx-arm64-0.16.0-ha2f6e31_7.conda
      - conda: https://conda.anaconda.org/conda-forge/osx-arm64/zstd-1.5.7-hbf9d68e_6.conda
      win-64:
      - conda: https://conda.anaconda.org/conda-forge/noarch/rust-std-x86_64-pc-windows-msvc-1.96.1-h17fc481_1.conda
      - conda: https://conda.anaconda.org/conda-forge/win-64/libiconv-1.18-hc1393d2_2.conda
      - conda: https://conda.anaconda.org/conda-forge/win-64/liblzma-5.8.3-hfd05255_0.conda
      - conda: https://conda.anaconda.org/conda-forge/win-64/libxml2-16-2.15.3-h692994f_0.conda
      - conda: https://conda.anaconda.org/conda-forge/win-64/libxml2-2.15.3-hbc0d294_0.conda
      - conda: https://conda.anaconda.org/conda-forge/win-64/libzlib-1.3.2-hfd05255_2.conda
      - conda: https://conda.anaconda.org/conda-forge/win-64/mdbook-0.5.4-h18a1a76_0.conda
      - conda: https://conda.anaconda.org/conda-forge/win-64/nodejs-22.23.1-h80d1838_0.conda
      - conda: https://conda.anaconda.org/conda-forge/win-64/rust-1.96.1-hf8d6059_1.conda
      - conda: https://conda.anaconda.org/conda-forge/win-64/ucrt-10.0.26100.0-h57928b3_0.conda
      - conda: https://conda.anaconda.org/conda-forge/win-64/vc-14.5-h1b7c187_39.conda
      - conda: https://conda.anaconda.org/conda-forge/win-64/vc14_runtime-14.51.36231-h1b9f54f_39.conda
      - conda: https://conda.anaconda.org/conda-forge/win-64/vcomp14-14.51.36231-h1b9f54f_39.conda
      - conda: https://conda.anaconda.org/conda-forge/win-64/zig-0.16.0-hbd3531b_7.conda
      - conda: https://conda.anaconda.org/conda-forge/win-64/zig_impl_win-64-0.16.0-h09a9979_7.conda
      - conda: https://conda.anaconda.org/conda-forge/win-64/zig_win-64-0.16.0-hf465028_7.conda
      - conda: https://conda.anaconda.org/conda-forge/win-64/zstd-1.5.7-h534d264_6.conda
packages:
- conda: https://conda.anaconda.org/conda-forge/linux-64/_openmp_mutex-4.5-20_gnu.conda
  build_number: 20
  sha256: 1dd3fffd892081df9726d7eb7e0dea6198962ba775bd88842135a4ddb4deb3c9
  md5: a9f577daf3de00bca7c3c76c0ecbd1de
  depends:
  - __glibc >=2.17,<3.0.a0
  - libgomp >=7.5.0
  constrains:
  - openmp_impl <0.0a0
  license: BSD-3-Clause
  license_family: BSD
  run_exports:
    strong:
    - _openmp_mutex >=4.5
  size: 28948
  timestamp: 1770939786096
- conda: https://conda.anaconda.org/conda-forge/linux-64/binutils_impl_linux-64-2.45.1-default_hfdba357_102.conda
  sha256: 0a7d405064f53b9d91d92515f1460f7906ee5e8523f3cd8973430e81219f4917
  md5: 8165352fdce2d2025bf884dc0ee85700
  depends:
  - ld_impl_linux-64 2.45.1 default_hbd61a6d_102
  - sysroot_linux-64
  - zstd >=1.5.7,<1.6.0a0
  license: GPL-3.0-only
  license_family: GPL
  run_exports: {}
  size: 3661455
  timestamp: 1774197460085
- conda: https://conda.anaconda.org/conda-forge/linux-64/gcc_impl_linux-64-15.2.0-ha6850e4_19.conda
  sha256: 2c0b2870210cfc7e8561676844f4bd3884b345c19100e1da84cbfb4994d8f104
  md5: 1c2eddf7501ef92050d3fbb11df61ee3
  depends:
  - binutils_impl_linux-64 >=2.45
  - libgcc >=15.2.0
  - libgcc-devel_linux-64 15.2.0 hcc6f6b0_119
  - libgomp >=15.2.0
  - libsanitizer 15.2.0 h90f66d4_19
  - libstdcxx >=15.2.0
  - libstdcxx-devel_linux-64 15.2.0 hd446a21_119
  - sysroot_linux-64
  license: GPL-3.0-only WITH GCC-exception-3.1
  license_family: GPL
  run_exports: {}
  size: 81043749
  timestamp: 1778860073982
- conda: https://conda.anaconda.org/conda-forge/linux-64/icu-78.3-h33c6efd_0.conda
  sha256: fbf86c4a59c2ed05bbffb2ba25c7ed94f6185ec30ecb691615d42342baa1a16a
  md5: c80d8a3b84358cb967fa81e7075fbc8a
  depends:
  - __glibc >=2.17,<3.0.a0
  - libgcc >=14
  - libstdcxx >=14
  license: MIT
  license_family: MIT
  run_exports:
    weak:
    - icu >=78.3,<79.0a0
  size: 12723451
  timestamp: 1773822285671
- conda: https://conda.anaconda.org/conda-forge/linux-64/ld_impl_linux-64-2.45.1-default_hbd61a6d_102.conda
  sha256: 3d584956604909ff5df353767f3a2a2f60e07d070b328d109f30ac40cd62df6c
  md5: 18335a698559cdbcd86150a48bf54ba6
  depends:
  - __glibc >=2.17,<3.0.a0
  - zstd >=1.5.7,<1.6.0a0
  constrains:
  - binutils_impl_linux-64 2.45.1
  license: GPL-3.0-only
  license_family: GPL
  run_exports: {}
  size: 728002
  timestamp: 1774197446916
- conda: https://conda.anaconda.org/conda-forge/linux-64/libclang-cpp21.1-21.1.8-default_h99862b1_4.conda
  sha256: aa61ed39af5944d05cd27672d2b520dbf2b3428575fbc7192acede709bed974a
  md5: 80edae9c0a5feaf93fa2996c266d1ce7
  depends:
  - __glibc >=2.17,<3.0.a0
  - libgcc >=14
  - libllvm21 >=21.1.8,<21.2.0a0
  - libstdcxx >=14
  license: Apache-2.0 WITH LLVM-exception
  license_family: Apache
  run_exports:
    weak:
    - libclang-cpp21.1 >=21.1.8,<21.2.0a0
  size: 21066414
  timestamp: 1777010859192
- conda: https://conda.anaconda.org/conda-forge/linux-64/libgcc-15.2.0-he0feb66_19.conda
  sha256: 8e0a3b5e41272e5678499b5dfc4cddb673f9e935de01eb0767ce857001229f46
  md5: 57736f29cc2b0ec0b6c2952d3f101b6a
  depends:
  - __glibc >=2.17,<3.0.a0
  - _openmp_mutex >=4.5
  constrains:
  - libgcc-ng ==15.2.0=*_19
  - libgomp 15.2.0 he0feb66_19
  license: GPL-3.0-only WITH GCC-exception-3.1
  license_family: GPL
  run_exports: {}
  size: 1041084
  timestamp: 1778269013026
- conda: https://conda.anaconda.org/conda-forge/linux-64/libgomp-15.2.0-he0feb66_19.conda
  sha256: 5abe4ab9d93f6c9757d654f1969ae2267d4505315c1f2f8fe705fd60af084f1b
  md5: faac990cb7aedc7f3a2224f2c9b0c26c
  depends:
  - __glibc >=2.17,<3.0.a0
  license: GPL-3.0-only WITH GCC-exception-3.1
  license_family: GPL
  run_exports:
    strong:
    - _openmp_mutex >=4.5
  size: 603817
  timestamp: 1778268942614
- conda: https://conda.anaconda.org/conda-forge/linux-64/libiconv-1.18-h3b78370_2.conda
  sha256: c467851a7312765447155e071752d7bf9bf44d610a5687e32706f480aad2833f
  md5: 915f5995e94f60e9a4826e0b0920ee88
  depends:
  - __glibc >=2.17,<3.0.a0
  - libgcc >=14
  license: LGPL-2.1-only
  run_exports:
    weak:
    - libiconv >=1.18,<2.0a0
  size: 790176
  timestamp: 1754908768807
- conda: https://conda.anaconda.org/conda-forge/linux-64/libllvm21-21.1.8-hf7376ad_0.conda
  sha256: 91bb4f5be1601b40b4995911d785e29387970f0b3c80f33f7f9028f95335399f
  md5: 1a2708a460884d6861425b7f9a7bef99
  depends:
  - __glibc >=2.17,<3.0.a0
  - libgcc >=14
  - libstdcxx >=14
  - libxml2
  - libxml2-16 >=2.14.6
  - libzlib >=1.3.1,<2.0a0
  - zstd >=1.5.7,<1.6.0a0
  license: Apache-2.0 WITH LLVM-exception
  license_family: Apache
  run_exports:
    weak:
    - libllvm21 >=21.1.8,<21.2.0a0
  size: 44333366
  timestamp: 1765959132513
- conda: https://conda.anaconda.org/conda-forge/linux-64/liblzma-5.8.3-hb03c661_0.conda
  sha256: ec30e52a3c1bf7d0425380a189d209a52baa03f22fb66dd3eb587acaa765bd6d
  md5: b88d90cad08e6bc8ad540cb310a761fb
  depends:
  - __glibc >=2.17,<3.0.a0
  - libgcc >=14
  constrains:
  - xz 5.8.3.*
  license: 0BSD
  run_exports:
    weak:
    - liblzma >=5.8.3,<6.0a0
  size: 113478
  timestamp: 1775825492909
- conda: https://conda.anaconda.org/conda-forge/linux-64/libsanitizer-15.2.0-h90f66d4_19.conda
  sha256: 7a58892a52739ce4c0f7109de9e91b4353104748eb04fc6441d88e8af444ba99
  md5: 67eef12ce33f7ff99900c212d7076fc2
  depends:
  - __glibc >=2.17,<3.0.a0
  - libgcc >=15.2.0
  - libstdcxx >=15.2.0
  license: GPL-3.0-only WITH GCC-exception-3.1
  license_family: GPL
  run_exports:
    weak:
    - libsanitizer 15.2.0
  size: 7930689
  timestamp: 1778269054623
- conda: https://conda.anaconda.org/conda-forge/linux-64/libstdcxx-15.2.0-h934c35e_19.conda
  sha256: dff1058c76ec6b8759e41cefa2508162d00e4a5e6721aa68ec3fd10094e702dc
  md5: 5794b3bdc38177caf969dabd3af08549
  depends:
  - __glibc >=2.17,<3.0.a0
  - libgcc 15.2.0 he0feb66_19
  constrains:
  - libstdcxx-ng ==15.2.0=*_19
  license: GPL-3.0-only WITH GCC-exception-3.1
  license_family: GPL
  run_exports: {}
  size: 5852044
  timestamp: 1778269036376
- conda: https://conda.anaconda.org/conda-forge/linux-64/libuv-1.52.1-h280c20c_0.conda
  sha256: e28e4519223f78b3163599ca89c3f2d80bfb53e907e7fc74e806e60d1efa578b
  md5: 4e33d49bf4fc853855a3b00643aa5484
  depends:
  - libgcc >=14
  - __glibc >=2.17,<3.0.a0
  license: MIT
  license_family: MIT
  run_exports:
    weak:
    - libuv >=1.52.1,<2.0a0
  size: 419935
  timestamp: 1779396012261
- conda: https://conda.anaconda.org/conda-forge/linux-64/libxml2-16-2.15.3-hca6bf5a_0.conda
  sha256: 3d44f737c5ae52d5af32682cc1530df433f401f8e58a7533926536244127572a
  md5: e79d2c2f24b027aa8d5ab1b1ba3061e7
  depends:
  - __glibc >=2.17,<3.0.a0
  - icu >=78.3,<79.0a0
  - libgcc >=14
  - libiconv >=1.18,<2.0a0
  - liblzma >=5.8.3,<6.0a0
  - libzlib >=1.3.2,<2.0a0
  constrains:
  - libxml2 2.15.3
  license: MIT
  license_family: MIT
  run_exports: {}
  size: 559775
  timestamp: 1776376739004
- conda: https://conda.anaconda.org/conda-forge/linux-64/libxml2-2.15.3-h49c6c72_0.conda
  sha256: 3bc5551720c58591f6ea1146f7d1539c734ed1c40e7b9f5cb8cb7e900c509aba
  md5: 995d8c8bad2a3cc8db14675a153dec2b
  depends:
  - __glibc >=2.17,<3.0.a0
  - icu >=78.3,<79.0a0
  - libgcc >=14
  - libiconv >=1.18,<2.0a0
  - liblzma >=5.8.3,<6.0a0
  - libxml2-16 2.15.3 hca6bf5a_0
  - libzlib >=1.3.2,<2.0a0
  license: MIT
  license_family: MIT
  run_exports:
    weak:
    - libxml2
    - libxml2-16 >=2.15.3
  size: 46810
  timestamp: 1776376751152
- conda: https://conda.anaconda.org/conda-forge/linux-64/libzlib-1.3.2-h25fd6f3_2.conda
  sha256: 55044c403570f0dc26e6364de4dc5368e5f3fc7ff103e867c487e2b5ab2bcda9
  md5: d87ff7921124eccd67248aa483c23fec
  depends:
  - __glibc >=2.17,<3.0.a0
  constrains:
  - zlib 1.3.2 *_2
  license: Zlib
  license_family: Other
  run_exports:
    weak:
    - libzlib >=1.3.2,<2.0a0
  size: 63629
  timestamp: 1774072609062
- conda: https://conda.anaconda.org/conda-forge/linux-64/mdbook-0.5.4-hb17b654_0.conda
  sha256: 905444801cffce938ca6db76673484d7612e2e16846586ad7056c8772d8fb51f
  md5: 82d41f97c6aac1abb0006c5752704c8a
  depends:
  - libgcc >=14
  - __glibc >=2.17,<3.0.a0
  constrains:
  - __glibc >=2.17
  license: MPL-2.0
  license_family: MOZILLA
  run_exports: {}
  size: 3991163
  timestamp: 1783363427230
- conda: https://conda.anaconda.org/conda-forge/linux-64/nodejs-22.23.1-h273caaf_0.conda
  sha256: 54cbaed6d90f7d1c9eb2ce9d24bce6bfff9c0bd7db8c9bb64309c324fda1a035
  md5: ddf0a4caba30df34f30c8128ec10eb60
  depends:
  - libstdcxx >=14
  - libgcc >=14
  - __glibc >=2.28,<3.0.a0
  - openssl >=3.5.7,<4.0a0
  - libuv >=1.52.1,<2.0a0
  - icu >=78.3,<79.0a0
  - libzlib >=1.3.2,<2.0a0
  license: MIT
  license_family: MIT
  run_exports:
    weak:
    - nodejs >=22.23.1,<23.0a0
  size: 24116775
  timestamp: 1782395971579
- conda: https://conda.anaconda.org/conda-forge/linux-64/openssl-3.6.3-h35e630c_0.conda
  sha256: d48f5c22b9897c01e4dff3680f1f57ceb02711ab9c62f74339b080419dfad34b
  md5: 79dd2074b5cd5c5c6b2930514a11e22d
  depends:
  - __glibc >=2.17,<3.0.a0
  - ca-certificates
  - libgcc >=14
  license: Apache-2.0
  license_family: Apache
  run_exports:
    weak:
    - openssl >=3.6.3,<4.0a0
  size: 3159683
  timestamp: 1781069855778
- conda: https://conda.anaconda.org/conda-forge/linux-64/rust-1.96.1-h53717f1_1.conda
  sha256: 2c312f20ed27707e4bd46fd6fcd7e9ab54ae806392ab03106de3a4faca2f7603
  md5: 8fe89eac78e3babed9fa6e78a14093ed
  depends:
  - __glibc >=2.17,<3.0.a0
  - gcc_impl_linux-64
  - libgcc >=14
  - libzlib >=1.3.2,<2.0a0
  - rust-std-x86_64-unknown-linux-gnu 1.96.1 h2c6d0dc_1
  - sysroot_linux-64 >=2.17
  license: MIT
  license_family: MIT
  run_exports:
    strong_constrains:
    - __glibc >=2.17
  size: 172088273
  timestamp: 1782996206882
- conda: https://conda.anaconda.org/conda-forge/linux-64/zig-0.16.0-hc6d1555_7.conda
  sha256: 04d6ec20a226f8502ff3a8836e3c639878815a0f405ac820002c26597c1dd491
  md5: dcad8827047f6cb14f086c3821c06846
  depends:
  - zig_linux-64 ==0.16.0 hab7c6e9_7
  license: MIT AND LicenseRef-Public-Domain
  run_exports:
    weak:
    - zig >=0.16.0,<0.16.1.0a0
  size: 111157
  timestamp: 1780140335309
- conda: https://conda.anaconda.org/conda-forge/linux-64/zig_impl_linux-64-0.16.0-h7428a68_7.conda
  sha256: 202a6d5cf1bc9a7ef0bb9b45ba0979f89796d2bf5595a333f2e6b8438b965643
  md5: 68fbc7d71dcc60ca815254ec6811deff
  depends:
  - libstdcxx >=14
  - libgcc >=14
  - __glibc >=2.17,<3.0.a0
  - libllvm21 >=21.1.8,<21.2.0a0
  - libclang-cpp21.1 >=21.1.8,<21.2.0a0
  - libxml2
  - libzlib >=1.3.2,<2.0a0
  - zstd >=1.5.7,<1.6.0a0
  license: MIT AND LicenseRef-Public-Domain
  run_exports: {}
  size: 34738852
  timestamp: 1780140335309
- conda: https://conda.anaconda.org/conda-forge/linux-64/zig_linux-64-0.16.0-hab7c6e9_7.conda
  sha256: 1c8bda4df48eeb5632f34cd198c3aade2a3b20a2b3febd2cd831b5355793f35d
  md5: 5be76bafe49317afa741c60a70083a56
  depends:
  - zig_impl_linux-64 ==0.16.0 h7428a68_7
  license: MIT AND LicenseRef-Public-Domain
  run_exports: {}
  size: 128338
  timestamp: 1780140335309
- conda: https://conda.anaconda.org/conda-forge/linux-64/zstd-1.5.7-hb78ec9c_6.conda
  sha256: 68f0206ca6e98fea941e5717cec780ed2873ffabc0e1ed34428c061e2c6268c7
  md5: 4a13eeac0b5c8e5b8ab496e6c4ddd829
  depends:
  - __glibc >=2.17,<3.0.a0
  - libzlib >=1.3.1,<2.0a0
  license: BSD-3-Clause
  license_family: BSD
  run_exports:
    weak:
    - zstd >=1.5.7,<1.6.0a0
  size: 601375
  timestamp: 1764777111296
- conda: https://conda.anaconda.org/conda-forge/noarch/ca-certificates-2026.6.17-hbd8a1cb_0.conda
  sha256: f8e3c730fa14ee3f170493779f06522c4acf89169f43db4f039727709b6419cf
  md5: a9965dd99f683c5f444428f896635716
  depends:
  - __unix
  license: ISC
  run_exports: {}
  size: 128866
  timestamp: 1781708962055
- conda: https://conda.anaconda.org/conda-forge/noarch/kernel-headers_linux-64-4.18.0-he073ed8_9.conda
  sha256: 41557eeadf641de6aeae49486cef30d02a6912d8da98585d687894afd65b356a
  md5: 86d9cba083cd041bfbf242a01a7a1999
  constrains:
  - sysroot_linux-64 ==2.28
  license: LGPL-2.0-or-later AND LGPL-2.0-or-later WITH exceptions AND GPL-2.0-or-later
  license_family: GPL
  run_exports: {}
  size: 1278712
  timestamp: 1765578681495
- conda: https://conda.anaconda.org/conda-forge/noarch/libgcc-devel_linux-64-15.2.0-hcc6f6b0_119.conda
  sha256: 38a557eba305468ac1f90ac85e50d8defd76141cb0b8a43b2fc1aca71dd5d5f2
  md5: 683fcb168e1df9a21fa80d5aa2d9330b
  depends:
  - __unix
  license: GPL-3.0-only WITH GCC-exception-3.1
  license_family: GPL
  run_exports: {}
  size: 3095909
  timestamp: 1778268932148
- conda: https://conda.anaconda.org/conda-forge/noarch/libstdcxx-devel_linux-64-15.2.0-hd446a21_119.conda
  sha256: a2385f3611d5cd25378f9cf2367183320731709c067ddd08d43330d3170f15b8
  md5: bcfe7eae40158c3e355d2f9d3ed41230
  depends:
  - __unix
  license: GPL-3.0-only WITH GCC-exception-3.1
  license_family: GPL
  run_exports: {}
  size: 20765069
  timestamp: 1778268963689
- conda: https://conda.anaconda.org/conda-forge/noarch/rust-std-aarch64-apple-darwin-1.96.1-hf6ec828_1.conda
  sha256: a1a63245716b50d02ad2e454d6ddaa5013ccf5114ef004b996c0c72fa1e546a5
  md5: 2a1802e28d350d9dce5a8d9e738d600f
  depends:
  - __unix
  constrains:
  - rust >=1.96.1,<1.96.2.0a0
  license: MIT
  license_family: MIT
  run_exports: {}
  size: 32731188
  timestamp: 1782995265628
- conda: https://conda.anaconda.org/conda-forge/noarch/rust-std-x86_64-apple-darwin-1.96.1-h38e4360_1.conda
  sha256: 655a354a0ed44107848294c31caa95bd52a0e531afdc8a3d7fe334ed9bacf95b
  md5: f0e3cb7d6847c3973848cba304b184c4
  depends:
  - __unix
  constrains:
  - rust >=1.96.1,<1.96.2.0a0
  license: MIT
  license_family: MIT
  run_exports: {}
  size: 34472927
  timestamp: 1782995594214
- conda: https://conda.anaconda.org/conda-forge/noarch/rust-std-x86_64-pc-windows-msvc-1.96.1-h17fc481_1.conda
  sha256: 8879c7a97b63bc2fad49c8cef342687560da89c14a22cf1b178da5231e5c0d1d
  md5: 913b3d6b89882003e261fcd5a3bdea80
  depends:
  - __win
  constrains:
  - rust >=1.96.1,<1.96.2.0a0
  license: MIT
  license_family: MIT
  run_exports: {}
  size: 26373335
  timestamp: 1782997918683
- conda: https://conda.anaconda.org/conda-forge/noarch/rust-std-x86_64-unknown-linux-gnu-1.96.1-h2c6d0dc_1.conda
  sha256: dff664190e0ea190ad74f7e20fc7bb6b1ee3a9ba420029246e930fd299488dac
  md5: 08e3a2551e1b8b15645f6e5c9f9b95a7
  depends:
  - __unix
  constrains:
  - rust >=1.96.1,<1.96.2.0a0
  license: MIT
  license_family: MIT
  run_exports: {}
  size: 36549071
  timestamp: 1782996135825
- conda: https://conda.anaconda.org/conda-forge/noarch/sysroot_linux-64-2.28-h4ee821c_9.conda
  sha256: c47299fe37aebb0fcf674b3be588e67e4afb86225be4b0d452c7eb75c086b851
  md5: 13dc3adbc692664cd3beabd216434749
  depends:
  - __glibc >=2.28
  - kernel-headers_linux-64 4.18.0 he073ed8_9
  - tzdata
  license: LGPL-2.0-or-later AND LGPL-2.0-or-later WITH exceptions AND GPL-2.0-or-later
  license_family: GPL
  run_exports:
    strong:
    - __glibc >=2.28,<3.0.a0
  size: 24008591
  timestamp: 1765578833462
- conda: https://conda.anaconda.org/conda-forge/noarch/tzdata-2025c-hc9c84f9_1.conda
  sha256: 1d30098909076af33a35017eed6f2953af1c769e273a0626a04722ac4acaba3c
  md5: ad659d0a2b3e47e38d829aa8cad2d610
  license: LicenseRef-Public-Domain
  run_exports: {}
  size: 119135
  timestamp: 1767016325805
- conda: https://conda.anaconda.org/conda-forge/osx-64/icu-78.3-h25d91c4_0.conda
  sha256: 1294117122d55246bb83ad5b589e2a031aacdf2d0b1f99fd338aa4394f881735
  md5: 627eca44e62e2b665eeec57a984a7f00
  depends:
  - __osx >=11.0
  license: MIT
  license_family: MIT
  run_exports:
    weak:
    - icu >=78.3,<79.0a0
  size: 12273764
  timestamp: 1773822733780
- conda: https://conda.anaconda.org/conda-forge/osx-64/libclang-cpp21.1-21.1.8-default_hd70426c_4.conda
  sha256: b562f4e4ed75bb2d96e6491cc9f434f76a10b160ef790a0d6f1ea7982950ffe3
  md5: 079727a79a718f8a25fa2a5cc2fe126d
  depends:
  - __osx >=10.13
  - libcxx >=21.1.8
  - libllvm21 >=21.1.8,<21.2.0a0
  license: Apache-2.0 WITH LLVM-exception
  license_family: Apache
  run_exports:
    weak:
    - libclang-cpp21.1 >=21.1.8,<21.2.0a0
  size: 14459016
  timestamp: 1777005969533
- conda: https://conda.anaconda.org/conda-forge/osx-64/libcxx-21.1.8-hc69e625_3.conda
  sha256: e77958a31689eb95aca8f4a9f33dbbaefd1ef35043642edba97eac3006047f6c
  md5: 1feff5870497fd4e44e5d2858e1954f2
  depends:
  - __osx >=10.13
  license: Apache-2.0 WITH LLVM-exception
  license_family: Apache
  run_exports: {}
  size: 572237
  timestamp: 1771995575434
- conda: https://conda.anaconda.org/conda-forge/osx-64/libiconv-1.18-h57a12c2_2.conda
  sha256: a1c8cecdf9966921e13f0ae921309a1f415dfbd2b791f2117cf7e8f5e61a48b6
  md5: 210a85a1119f97ea7887188d176db135
  depends:
  - __osx >=10.13
  license: LGPL-2.1-only
  run_exports:
    weak:
    - libiconv >=1.18,<2.0a0
  size: 737846
  timestamp: 1754908900138
- conda: https://conda.anaconda.org/conda-forge/osx-64/libllvm21-21.1.8-h56e7563_0.conda
  sha256: b98962b93624f52399aa748cc66dea7d6aae0a20db6decadc979db151928d214
  md5: 8f26c2dbe4213a12b6595f4b941ac9cb
  depends:
  - __osx >=10.13
  - libcxx >=19
  - libxml2
  - libxml2-16 >=2.14.6
  - libzlib >=1.3.1,<2.0a0
  - zstd >=1.5.7,<1.6.0a0
  license: Apache-2.0 WITH LLVM-exception
  license_family: Apache
  run_exports:
    weak:
    - libllvm21 >=21.1.8,<21.2.0a0
  size: 31433093
  timestamp: 1765929081793
- conda: https://conda.anaconda.org/conda-forge/osx-64/liblzma-5.8.3-hbb4bfdb_0.conda
  sha256: d9e2006051529aec5578c6efeb13bb6a7200a014b2d5a77a579e83a8049d5f3c
  md5: becdfbfe7049fa248e52aa37a9df09e2
  depends:
  - __osx >=11.0
  constrains:
  - xz 5.8.3.*
  license: 0BSD
  run_exports:
    weak:
    - liblzma >=5.8.3,<6.0a0
  size: 105724
  timestamp: 1775826029494
- conda: https://conda.anaconda.org/conda-forge/osx-64/libuv-1.52.1-ha3d0635_0.conda
  sha256: a77c3832a82b26afe8da3f4bbacca58a943cc62f2a5680547913650527a51299
  md5: 703303067839cd1da659528a84b3c0cc
  depends:
  - __osx >=11.0
  license: MIT
  license_family: MIT
  run_exports:
    weak:
    - libuv >=1.52.1,<2.0a0
  size: 128150
  timestamp: 1779396112490
- conda: https://conda.anaconda.org/conda-forge/osx-64/libxml2-16-2.15.3-h7a90416_0.conda
  sha256: 437f003e299d77403db42d17e532d686236f357ac5c3d6bf466558c697902597
  md5: c74ae93cd7876e3a9c4b5569d5e29e34
  depends:
  - __osx >=11.0
  - icu >=78.3,<79.0a0
  - libiconv >=1.18,<2.0a0
  - liblzma >=5.8.3,<6.0a0
  - libzlib >=1.3.2,<2.0a0
  constrains:
  - libxml2 2.15.3
  license: MIT
  license_family: MIT
  run_exports: {}
  size: 496338
  timestamp: 1776377250079
- conda: https://conda.anaconda.org/conda-forge/osx-64/libxml2-2.15.3-h953d39d_0.conda
  sha256: 24248928e63b5de45012c8ad3fd6b350ae1fe2fc355613bb89ee5f0a35835bea
  md5: 33f30d4878d1f047da82a669c33b307d
  depends:
  - __osx >=11.0
  - icu >=78.3,<79.0a0
  - libiconv >=1.18,<2.0a0
  - liblzma >=5.8.3,<6.0a0
  - libxml2-16 2.15.3 h7a90416_0
  - libzlib >=1.3.2,<2.0a0
  license: MIT
  license_family: MIT
  run_exports:
    weak:
    - libxml2
    - libxml2-16 >=2.15.3
  size: 40836
  timestamp: 1776377277986
- conda: https://conda.anaconda.org/conda-forge/osx-64/libzlib-1.3.2-hbb4bfdb_2.conda
  sha256: 4c6da089952b2d70150c74234679d6f7ac04f4a98f9432dec724968f912691e7
  md5: 30439ff30578e504ee5e0b390afc8c65
  depends:
  - __osx >=11.0
  constrains:
  - zlib 1.3.2 *_2
  license: Zlib
  license_family: Other
  run_exports:
    weak:
    - libzlib >=1.3.2,<2.0a0
  size: 59000
  timestamp: 1774073052242
- conda: https://conda.anaconda.org/conda-forge/osx-64/mdbook-0.5.4-h19f9e61_0.conda
  sha256: eb346cd957c55aa5f955c7650d16eda293f34805682937b6d94380a91a2f3ff9
  md5: d8cb61e668eb83e93159cc9eb2a49c77
  depends:
  - __osx >=11.0
  constrains:
  - __osx >=11.0
  license: MPL-2.0
  license_family: MOZILLA
  run_exports: {}
  size: 3913888
  timestamp: 1783363481396
- conda: https://conda.anaconda.org/conda-forge/osx-64/nodejs-22.23.1-hf078ca1_0.conda
  sha256: 83acf56b6d15507d70c484255c6c1e7cc91fb54803820e2dffbe237a6ef0ecc6
  md5: c148d1132736700ae677e03463bb9742
  depends:
  - libcxx >=19
  - __osx >=12.0
  - icu >=78.3,<79.0a0
  - libuv >=1.52.1,<2.0a0
  - libzlib >=1.3.2,<2.0a0
  - openssl >=3.5.7,<4.0a0
  license: MIT
  license_family: MIT
  run_exports:
    weak:
    - nodejs >=22.23.1,<23.0a0
  size: 17676868
  timestamp: 1782396093168
- conda: https://conda.anaconda.org/conda-forge/osx-64/openssl-3.6.3-hc881268_0.conda
  sha256: 819d4368d6b5b298fa40d4bc836c1250842489002cacf3fb918a13ee2033b7c6
  md5: 46be42ab403712fd349d007d763bf767
  depends:
  - __osx >=11.0
  - ca-certificates
  license: Apache-2.0
  license_family: Apache
  run_exports:
    weak:
    - openssl >=3.6.3,<4.0a0
  size: 2775300
  timestamp: 1781071391999
- conda: https://conda.anaconda.org/conda-forge/osx-64/rust-1.96.1-h5655b98_1.conda
  sha256: bca53c4e53cc0ee20c442e0846789d3b653c66a51c9b0159d47f067d1b9e5278
  md5: f0e2e4cfcdbe12e192fe27742cefe1c2
  depends:
  - rust-std-x86_64-apple-darwin 1.96.1 h38e4360_1
  license: MIT
  license_family: MIT
  run_exports:
    strong_constrains:
    - __osx >=11.0
  size: 200225410
  timestamp: 1782995766694
- conda: https://conda.anaconda.org/conda-forge/osx-64/zig-0.16.0-h9945fbf_7.conda
  sha256: 44213671a0206f19de96f7fa32a0ffd14a36cd263e7f5d7d078e9042e2519c04
  md5: 78227ba0343b61acc9215a92b537202e
  depends:
  - zig_osx-64 ==0.16.0 h4a38eeb_7
  license: MIT AND LicenseRef-Public-Domain
  run_exports:
    weak:
    - zig >=0.16.0,<0.16.1.0a0
  size: 109722
  timestamp: 1780140359409
- conda: https://conda.anaconda.org/conda-forge/osx-64/zig_impl_osx-64-0.16.0-h23fd757_7.conda
  sha256: 542f01bd98a81c5c1503ae5233f0525e6100bd144e0d3c85a0f697abb5490ed1
  md5: 8f9e59dd5bedc25d2f68838a065a136e
  depends:
  - libcxx 21.*
  - libcxx >=21
  - __osx >=11.0
  - zstd >=1.5.7,<1.6.0a0
  - libxml2
  - libxml2-16 >=2.14.6
  - libllvm21 >=21.1.8,<21.2.0a0
  - libclang-cpp21.1 >=21.1.8,<21.2.0a0
  - libzlib >=1.3.2,<2.0a0
  license: MIT AND LicenseRef-Public-Domain
  run_exports: {}
  size: 34609079
  timestamp: 1780140359409
- conda: https://conda.anaconda.org/conda-forge/osx-64/zig_osx-64-0.16.0-h4a38eeb_7.conda
  sha256: a24157ce24055dffb9e61179a5e7c2a4e6143ab3b42ac0d48d104d3dd8fbd6d0
  md5: 4aee97771d06fc1f63f358fcd303df34
  depends:
  - zig_impl_osx-64 ==0.16.0 h23fd757_7
  license: MIT AND LicenseRef-Public-Domain
  run_exports: {}
  size: 127146
  timestamp: 1780140359409
- conda: https://conda.anaconda.org/conda-forge/osx-64/zstd-1.5.7-h3eecb57_6.conda
  sha256: 47101a4055a70a4876ffc87b750ab2287b67eca793f21c8224be5e1ee6394d3f
  md5: 727109b184d680772e3122f40136d5ca
  depends:
  - __osx >=10.13
  - libzlib >=1.3.1,<2.0a0
  license: BSD-3-Clause
  license_family: BSD
  run_exports:
    weak:
    - zstd >=1.5.7,<1.6.0a0
  size: 528148
  timestamp: 1764777156963
- conda: https://conda.anaconda.org/conda-forge/osx-arm64/icu-78.3-hef89b57_0.conda
  sha256: 3a7907a17e9937d3a46dfd41cffaf815abad59a569440d1e25177c15fd0684e5
  md5: f1182c91c0de31a7abd40cedf6a5ebef
  depends:
  - __osx >=11.0
  license: MIT
  license_family: MIT
  run_exports:
    weak:
    - icu >=78.3,<79.0a0
  size: 12361647
  timestamp: 1773822915649
- conda: https://conda.anaconda.org/conda-forge/osx-arm64/libclang-cpp21.1-21.1.8-default_hf3020a7_4.conda
  sha256: d8bf2a980c97633fe57559730154dc8e4ef016738891ed5c846ee8aacc14f69d
  md5: cdff4da6f0086940af641aff05758737
  depends:
  - __osx >=11.0
  - libcxx >=21.1.8
  - libllvm21 >=21.1.8,<21.2.0a0
  license: Apache-2.0 WITH LLVM-exception
  license_family: Apache
  run_exports:
    weak:
    - libclang-cpp21.1 >=21.1.8,<21.2.0a0
  size: 13683959
  timestamp: 1777008029195
- conda: https://conda.anaconda.org/conda-forge/osx-arm64/libcxx-21.1.8-h55c6f16_3.conda
  sha256: 676cbe1a62669965640cddca1319acb8cbe4737bc37089068ce18ce4825ab0d8
  md5: 2a4106524e64762c7d7f723cf083e445
  depends:
  - __osx >=11.0
  license: Apache-2.0 WITH LLVM-exception
  license_family: Apache
  run_exports: {}
  size: 570017
  timestamp: 1771995637294
- conda: https://conda.anaconda.org/conda-forge/osx-arm64/libiconv-1.18-h23cfdf5_2.conda
  sha256: de0336e800b2af9a40bdd694b03870ac4a848161b35c8a2325704f123f185f03
  md5: 4d5a7445f0b25b6a3ddbb56e790f5251
  depends:
  - __osx >=11.0
  license: LGPL-2.1-only
  run_exports:
    weak:
    - libiconv >=1.18,<2.0a0
  size: 750379
  timestamp: 1754909073836
- conda: https://conda.anaconda.org/conda-forge/osx-arm64/libllvm21-21.1.8-h8e0c9ce_0.conda
  sha256: 3f4512155aca799a25937f9ee794490794fb33f8f90a5e6532d8be869e7d79a0
  md5: 8fc5b2387a7907cd58805668dad3b70f
  depends:
  - __osx >=11.0
  - libcxx >=19
  - libxml2
  - libxml2-16 >=2.14.6
  - libzlib >=1.3.1,<2.0a0
  - zstd >=1.5.7,<1.6.0a0
  license: Apache-2.0 WITH LLVM-exception
  license_family: Apache
  run_exports:
    weak:
    - libllvm21 >=21.1.8,<21.2.0a0
  size: 29398498
  timestamp: 1765924904821
- conda: https://conda.anaconda.org/conda-forge/osx-arm64/liblzma-5.8.3-h8088a28_0.conda
  sha256: 34878d87275c298f1a732c6806349125cebbf340d24c6c23727268184bba051e
  md5: b1fd823b5ae54fbec272cea0811bd8a9
  depends:
  - __osx >=11.0
  constrains:
  - xz 5.8.3.*
  license: 0BSD
  run_exports:
    weak:
    - liblzma >=5.8.3,<6.0a0
  size: 92472
  timestamp: 1775825802659
- conda: https://conda.anaconda.org/conda-forge/osx-arm64/libuv-1.52.1-h1a92334_0.conda
  sha256: e23176af832f637693ebbb9bbe7d29c0f4cba662dabd001081d2aa6fc9f7f661
  md5: fa9fef7d9f33724b7c3899c883c25a3e
  depends:
  - __osx >=11.0
  license: MIT
  license_family: MIT
  run_exports:
    weak:
    - libuv >=1.52.1,<2.0a0
  size: 122732
  timestamp: 1779396113397
- conda: https://conda.anaconda.org/conda-forge/osx-arm64/libxml2-16-2.15.3-h5ef1a60_0.conda
  sha256: ff75b84cdb9e8d123db2fa694a8ac2c2059516b6cbc98ac21fb68e235d0fd354
  md5: 19edaa53885fc8205614b03da2482282
  depends:
  - __osx >=11.0
  - icu >=78.3,<79.0a0
  - libiconv >=1.18,<2.0a0
  - liblzma >=5.8.3,<6.0a0
  - libzlib >=1.3.2,<2.0a0
  constrains:
  - libxml2 2.15.3
  license: MIT
  license_family: MIT
  run_exports: {}
  size: 466360
  timestamp: 1776377102261
- conda: https://conda.anaconda.org/conda-forge/osx-arm64/libxml2-2.15.3-h5654f7c_0.conda
  sha256: 2fe1d8de0854342ae9cabe408b476935f82f5636e153b3b497456264dc8ff3a1
  md5: 8e037d73747d6fe34e12d7bcac10cf21
  depends:
  - __osx >=11.0
  - icu >=78.3,<79.0a0
  - libiconv >=1.18,<2.0a0
  - liblzma >=5.8.3,<6.0a0
  - libxml2-16 2.15.3 h5ef1a60_0
  - libzlib >=1.3.2,<2.0a0
  license: MIT
  license_family: MIT
  run_exports:
    weak:
    - libxml2
    - libxml2-16 >=2.15.3
  size: 41102
  timestamp: 1776377119495
- conda: https://conda.anaconda.org/conda-forge/osx-arm64/libzlib-1.3.2-h8088a28_2.conda
  sha256: 361415a698514b19a852f5d1123c5da746d4642139904156ddfca7c922d23a05
  md5: bc5a5721b6439f2f62a84f2548136082
  depends:
  - __osx >=11.0
  constrains:
  - zlib 1.3.2 *_2
  license: Zlib
  license_family: Other
  run_exports:
    weak:
    - libzlib >=1.3.2,<2.0a0
  size: 47759
  timestamp: 1774072956767
- conda: https://conda.anaconda.org/conda-forge/osx-arm64/mdbook-0.5.4-h6fdd925_0.conda
  sha256: a901d89a7f9c6684408f2cca7f0895c2010f5e8d16f302f84ff935ae90fd0a1d
  md5: e2f776a82b6024c3641ecd7efe2718eb
  depends:
  - __osx >=11.0
  constrains:
  - __osx >=11.0
  license: MPL-2.0
  license_family: MOZILLA
  run_exports: {}
  size: 3721248
  timestamp: 1783363421597
- conda: https://conda.anaconda.org/conda-forge/osx-arm64/nodejs-22.23.1-h35957e4_0.conda
  sha256: adf88c02b88741fcfa39ad6ab7822fbadeb51e47a6887d8c7298b0a56fdd7661
  md5: 031224caceac6b77fa214891df43c006
  depends:
  - __osx >=12.0
  - libcxx >=19
  - icu >=78.3,<79.0a0
  - libzlib >=1.3.2,<2.0a0
  - libuv >=1.52.1,<2.0a0
  - openssl >=3.5.7,<4.0a0
  license: MIT
  license_family: MIT
  run_exports:
    weak:
    - nodejs >=22.23.1,<23.0a0
  size: 16417611
  timestamp: 1782396042468
- conda: https://conda.anaconda.org/conda-forge/osx-arm64/openssl-3.6.3-hd24854e_0.conda
  sha256: b3e3ca895c336d4eb91c5d2f244a312bdb59a0de8cfa0cc4c179225ab2f6bbfb
  md5: 8187a86242741725bfa74785fe812979
  depends:
  - __osx >=11.0
  - ca-certificates
  license: Apache-2.0
  license_family: Apache
  run_exports:
    weak:
    - openssl >=3.6.3,<4.0a0
  size: 3102584
  timestamp: 1781069820667
- conda: https://conda.anaconda.org/conda-forge/osx-arm64/rust-1.96.1-h4ff7c5d_1.conda
  sha256: 50c1e7b0ea35f20adcfc37192f1d09503130bd995d54ea42d95f0b84d414dc85
  md5: 6ccafad1a5ff86b35a5645d9f2d07646
  depends:
  - rust-std-aarch64-apple-darwin 1.96.1 hf6ec828_1
  license: MIT
  license_family: MIT
  run_exports: {}
  size: 180548266
  timestamp: 1782995337539
- conda: https://conda.anaconda.org/conda-forge/osx-arm64/zig-0.16.0-hc051814_7.conda
  sha256: 915f2fbd3d8b2d6e1805e30229af1c6053639edf7f05490f9a8a2ccbaf51a26b
  md5: aabde5d90491f20d3ad2ea8c2fafc59d
  depends:
  - zig_osx-arm64 ==0.16.0 ha2f6e31_7
  license: MIT AND LicenseRef-Public-Domain
  run_exports:
    weak:
    - zig >=0.16.0,<0.16.1.0a0
  size: 109512
  timestamp: 1780140343010
- conda: https://conda.anaconda.org/conda-forge/osx-arm64/zig_impl_osx-arm64-0.16.0-h2af20f7_7.conda
  sha256: 8185b555c2ae44ec32fad084256bba167b730136f955c6a74475050d73bdc98a
  md5: bbd93ce3bce2e9d967b27a9978faf51e
  depends:
  - libcxx 21.*
  - libcxx >=21
  - __osx >=11.0
  - zstd >=1.5.7,<1.6.0a0
  - libllvm21 >=21.1.8,<21.2.0a0
  - libxml2
  - libxml2-16 >=2.14.6
  - libclang-cpp21.1 >=21.1.8,<21.2.0a0
  - libzlib >=1.3.2,<2.0a0
  license: MIT AND LicenseRef-Public-Domain
  run_exports: {}
  size: 33978265
  timestamp: 1780140343010
- conda: https://conda.anaconda.org/conda-forge/osx-arm64/zig_osx-arm64-0.16.0-ha2f6e31_7.conda
  sha256: 69e8023db1a175aafc41d4272d19eb2099e5bc31d08187b98f03c39d289a40c0
  md5: e53250095bfee3d74cff7c4afeb6ed33
  depends:
  - zig_impl_osx-arm64 ==0.16.0 h2af20f7_7
  license: MIT AND LicenseRef-Public-Domain
  run_exports: {}
  size: 126904
  timestamp: 1780140343010
- conda: https://conda.anaconda.org/conda-forge/osx-arm64/zstd-1.5.7-hbf9d68e_6.conda
  sha256: 9485ba49e8f47d2b597dd399e88f4802e100851b27c21d7525625b0b4025a5d9
  md5: ab136e4c34e97f34fb621d2592a393d8
  depends:
  - __osx >=11.0
  - libzlib >=1.3.1,<2.0a0
  license: BSD-3-Clause
  license_family: BSD
  run_exports:
    weak:
    - zstd >=1.5.7,<1.6.0a0
  size: 433413
  timestamp: 1764777166076
- conda: https://conda.anaconda.org/conda-forge/win-64/libiconv-1.18-hc1393d2_2.conda
  sha256: 0dcdb1a5f01863ac4e8ba006a8b0dc1a02d2221ec3319b5915a1863254d7efa7
  md5: 64571d1dd6cdcfa25d0664a5950fdaa2
  depends:
  - ucrt >=10.0.20348.0
  - vc >=14.3,<15
  - vc14_runtime >=14.44.35208
  license: LGPL-2.1-only
  run_exports:
    weak:
    - libiconv >=1.18,<2.0a0
  size: 696926
  timestamp: 1754909290005
- conda: https://conda.anaconda.org/conda-forge/win-64/liblzma-5.8.3-hfd05255_0.conda
  sha256: d636d1a25234063642f9c531a7bb58d84c1c496411280a36ea000bd122f078f1
  md5: 8f83619ab1588b98dd99c90b0bfc5c6d
  depends:
  - ucrt >=10.0.20348.0
  - vc >=14.3,<15
  - vc14_runtime >=14.44.35208
  constrains:
  - xz 5.8.3.*
  license: 0BSD
  run_exports:
    weak:
    - liblzma >=5.8.3,<6.0a0
  size: 106486
  timestamp: 1775825663227
- conda: https://conda.anaconda.org/conda-forge/win-64/libxml2-16-2.15.3-h692994f_0.conda
  sha256: 8038084c60eda2006d0122d05e3364fe8db0a18935ca6ed0168b5ba5aa33f904
  md5: f7d6fcda29570e20851b78d92ea2154e
  depends:
  - libiconv >=1.18,<2.0a0
  - liblzma >=5.8.3,<6.0a0
  - libzlib >=1.3.2,<2.0a0
  - ucrt >=10.0.20348.0
  - vc >=14.3,<15
  - vc14_runtime >=14.44.35208
  constrains:
  - libxml2 2.15.3
  - icu <0.0a0
  license: MIT
  license_family: MIT
  run_exports: {}
  size: 518869
  timestamp: 1776376971242
- conda: https://conda.anaconda.org/conda-forge/win-64/libxml2-2.15.3-hbc0d294_0.conda
  sha256: da68af9d9d28d65a6916db1bef68f8a25c64c4fdcf759f32a2d2f2f143220adf
  md5: e3b5acbb857a12f5d59e8d174bc536c0
  depends:
  - libiconv >=1.18,<2.0a0
  - liblzma >=5.8.3,<6.0a0
  - libxml2-16 2.15.3 h692994f_0
  - libzlib >=1.3.2,<2.0a0
  - ucrt >=10.0.20348.0
  - vc >=14.3,<15
  - vc14_runtime >=14.44.35208
  constrains:
  - icu <0.0a0
  license: MIT
  license_family: MIT
  run_exports:
    weak:
    - libxml2
    - libxml2-16 >=2.15.3
  size: 43916
  timestamp: 1776376994334
- conda: https://conda.anaconda.org/conda-forge/win-64/libzlib-1.3.2-hfd05255_2.conda
  sha256: 88609816e0cc7452bac637aaf65783e5edf4fee8a9f8e22bdc3a75882c536061
  md5: dbabbd6234dea34040e631f87676292f
  depends:
  - ucrt >=10.0.20348.0
  - vc >=14.3,<15
  - vc14_runtime >=14.44.35208
  constrains:
  - zlib 1.3.2 *_2
  license: Zlib
  license_family: Other
  run_exports:
    weak:
    - libzlib >=1.3.2,<2.0a0
  size: 58347
  timestamp: 1774072851498
- conda: https://conda.anaconda.org/conda-forge/win-64/mdbook-0.5.4-h18a1a76_0.conda
  sha256: 127c6463bef6f37ae9bd4b8bf42d2f8c542151271b9ba32c9022ff29363050a5
  md5: 01fb9caa64f57f078220aff0c348b45d
  depends:
  - vc >=14.3,<15
  - vc14_runtime >=14.44.35208
  - ucrt >=10.0.20348.0
  license: MPL-2.0
  license_family: MOZILLA
  run_exports: {}
  size: 4049727
  timestamp: 1783363396415
- conda: https://conda.anaconda.org/conda-forge/win-64/nodejs-22.23.1-h80d1838_0.conda
  sha256: 30da49e3d8cc1a3db4c6b0eff615759a409f62d23744742d749f2f229a2622a5
  md5: 11210dd5e2bb21937517539c749261c2
  license: MIT
  license_family: MIT
  run_exports:
    weak:
    - nodejs >=22.23.1,<23.0a0
  size: 30054275
  timestamp: 1782396015445
- conda: https://conda.anaconda.org/conda-forge/win-64/rust-1.96.1-hf8d6059_1.conda
  sha256: c27ebef2c6b9310f5379d808f2604a469e56e8f2b0540a4fe31de91b52db2e92
  md5: d436f791ac5b7da976d6c4daf4dc2df2
  depends:
  - rust-std-x86_64-pc-windows-msvc 1.96.1 h17fc481_1
  license: MIT
  license_family: MIT
  run_exports: {}
  size: 192571832
  timestamp: 1782998103840
- conda: https://conda.anaconda.org/conda-forge/win-64/ucrt-10.0.26100.0-h57928b3_0.conda
  sha256: 3005729dce6f3d3f5ec91dfc49fc75a0095f9cd23bab49efb899657297ac91a5
  md5: 71b24316859acd00bdb8b38f5e2ce328
  constrains:
  - vc14_runtime >=14.29.30037
  - vs2015_runtime >=14.29.30037
  license: LicenseRef-MicrosoftWindowsSDK10
  run_exports: {}
  size: 694692
  timestamp: 1756385147981
- conda: https://conda.anaconda.org/conda-forge/win-64/vc-14.5-h1b7c187_39.conda
  sha256: 17693b60cb54f80c60275f003f3bfc1b128af56dbfd65c4fae37c64eeb755ce1
  md5: 2eacea63f545b97342da520df6854276
  depends:
  - vc14_runtime >=14.51.36231
  track_features:
  - vc14
  license: BSD-3-Clause
  license_family: BSD
  run_exports: {}
  size: 20362
  timestamp: 1781320968457
- conda: https://conda.anaconda.org/conda-forge/win-64/vc14_runtime-14.51.36231-h1b9f54f_39.conda
  sha256: 8153ed849c92e891eacac0f2f8d7ecb79f9b5fd7f7917fbb896f252a60a40390
  md5: 06a5bf5a1ca16cce0df6eaa91fc42bc2
  depends:
  - ucrt >=10.0.20348.0
  - vcomp14 14.51.36231 h1b9f54f_39
  constrains:
  - vs2015_runtime 14.51.36231.* *_39
  license: LicenseRef-MicrosoftVisualCpp2015-2022Runtime
  license_family: Proprietary
  run_exports: {}
  size: 737434
  timestamp: 1781320964561
- conda: https://conda.anaconda.org/conda-forge/win-64/vcomp14-14.51.36231-h1b9f54f_39.conda
  sha256: 07fb14713c4bc62e2533a2e23a363abfb0e65650681fba0ae4c840e2219350f3
  md5: 8b53a83fda40ec679e4d63fa32fae989
  depends:
  - ucrt >=10.0.20348.0
  constrains:
  - vs2015_runtime 14.51.36231.* *_39
  license: LicenseRef-MicrosoftVisualCpp2015-2022Runtime
  license_family: Proprietary
  run_exports:
    strong:
    - vcomp14 >=14.51.36231
  size: 120684
  timestamp: 1781320948530
- conda: https://conda.anaconda.org/conda-forge/win-64/zig-0.16.0-hbd3531b_7.conda
  sha256: 3972c7caaaf88b69cfcd9d305285f48f82fbadd03a21b26f7b0d63ad21730367
  md5: e1126ec550fc8d7c156234dc56e7cfce
  depends:
  - zig_win-64 ==0.16.0 hf465028_7
  license: MIT AND LicenseRef-Public-Domain
  run_exports:
    weak:
    - zig >=0.16.0,<0.16.1.0a0
  size: 110541
  timestamp: 1780140369428
- conda: https://conda.anaconda.org/conda-forge/win-64/zig_impl_win-64-0.16.0-h09a9979_7.conda
  sha256: 434d18bd276d601604267e343a568c302ce232c8d10d2f1b6f15dad5040fb13e
  md5: 49b56d5d7411f7e36a6d7a1b36e59a7d
  depends:
  - vc >=14.3,<15
  - zstd >=1.5.7,<1.6.0a0
  - libzlib >=1.3.2,<2.0a0
  - libxml2
  - libxml2-16 >=2.14.6
  license: MIT AND LicenseRef-Public-Domain
  run_exports: {}
  size: 76439965
  timestamp: 1780140369428
- conda: https://conda.anaconda.org/conda-forge/win-64/zig_win-64-0.16.0-hf465028_7.conda
  sha256: b9b3898697d5f12cc947f9802c7d744e4e65d705b80cec3299ba408f5d606d72
  md5: be8f0063546a3156841ec319065a484f
  depends:
  - zig_impl_win-64 ==0.16.0 h09a9979_7
  license: MIT AND LicenseRef-Public-Domain
  run_exports: {}
  size: 232535
  timestamp: 1780140369428
- conda: https://conda.anaconda.org/conda-forge/win-64/zstd-1.5.7-h534d264_6.conda
  sha256: 368d8628424966fd8f9c8018326a9c779e06913dd39e646cf331226acc90e5b2
  md5: 053b84beec00b71ea8ff7a4f84b55207
  depends:
  - vc >=14.3,<15
  - vc14_runtime >=14.44.35208
  - ucrt >=10.0.20348.0
  - libzlib >=1.3.1,<2.0a0
  license: BSD-3-Clause
  license_family: BSD
  run_exports:
    weak:
    - zstd >=1.5.7,<1.6.0a0
  size: 388453
  timestamp: 1764777142545
